
Microsoft Visual Studio Solution File, Format Version 12.00
# Visual Studio 2012
Project("{FAE04EC0-301F-11D3-BF4B-00C04F79EFBC}") = "FinancialFees", "WindowsFormsApplication2\FinancialFees.csproj", "{3F45EA1D-D145-481D-9AC3-3DE4C014B9E3}"
EndProject
Global
	GlobalSection(SolutionConfigurationPlatforms) = preSolution
		Debug|Any CPU = Debug|Any CPU
		Release|Any CPU = Release|Any CPU
	EndGlobalSection
	GlobalSection(ProjectConfigurationPlatforms) = postSolution
		{3F45EA1D-D145-481D-9AC3-3DE4C014B9E3}.Debug|Any CPU.ActiveCfg = Debug|Any CPU
		{3F45EA1D-D145-481D-9AC3-3DE4C014B9E3}.Debug|Any CPU.Build.0 = Debug|Any CPU
		{3F45EA1D-D145-481D-9AC3-3DE4C014B9E3}.Release|Any CPU.ActiveCfg = Release|Any CPU
		{3F45EA1D-D145-481D-9AC3-3DE4C014B9E3}.Release|Any CPU.Build.0 = Release|Any CPU
	EndGlobalSection
	GlobalSection(SolutionProperties) = preSolution
		HideSolutionNode = FALSE
	EndGlobalSection
EndGlobal
